
Microsoft Visual Studio Solution File, Format Version 12.00
# Visual Studio Version 17
VisualStudioVersion = 17.6.33829.357
MinimumVisualStudioVersion = 10.0.40219.1
Project("{FAE04EC0-301F-11D3-BF4B-00C04F79EFBC}") = "MiteneLoader", "MiteneLoader.csproj", "{FE52EBE7-450D-424A-BEE1-0C25832F051A}"
EndProject
Project("{54435603-DBB4-11D2-8724-00A0C9A8B90C}") = "MiteneLoader_Installer", "..\MiteneLoader_Installer\MiteneLoader_Installer.vdproj", "{EB86FD69-0522-4565-B5DC-013D23891762}"
EndProject
Global
	GlobalSection(SolutionConfigurationPlatforms) = preSolution
		Debug|Any CPU = Debug|Any CPU
		Release|Any CPU = Release|Any CPU
	EndGlobalSection
	GlobalSection(ProjectConfigurationPlatforms) = postSolution
		{FE52EBE7-450D-424A-BEE1-0C25832F051A}.Debug|Any CPU.ActiveCfg = Debug|Any CPU
		{FE52EBE7-450D-424A-BEE1-0C25832F051A}.Debug|Any CPU.Build.0 = Debug|Any CPU
		{FE52EBE7-450D-424A-BEE1-0C25832F051A}.Release|Any CPU.ActiveCfg = Release|Any CPU
		{FE52EBE7-450D-424A-BEE1-0C25832F051A}.Release|Any CPU.Build.0 = Release|Any CPU
		{EB86FD69-0522-4565-B5DC-013D23891762}.Debug|Any CPU.ActiveCfg = Debug
		{EB86FD69-0522-4565-B5DC-013D23891762}.Release|Any CPU.ActiveCfg = Release
	EndGlobalSection
	GlobalSection(SolutionProperties) = preSolution
		HideSolutionNode = FALSE
	EndGlobalSection
	GlobalSection(ExtensibilityGlobals) = postSolution
		SolutionGuid = {C720996F-4256-4345-AE58-86798D283BA5}
	EndGlobalSection
EndGlobal
